
Microsoft Visual Studio Solution File, Format Version 12.00
# Visual Studio Version 17
VisualStudioVersion = 17.3.32922.545
MinimumVisualStudioVersion = 10.0.40219.1
Project("{FAE04EC0-301F-11D3-BF4B-00C04F79EFBC}") = "StudentAdminPortal.API", "StudentAdminPortal.API\StudentAdminPortal.API.csproj", "{7C3E4A16-014D-49BD-82FD-1C5DAF2F3F46}"
EndProject
Global
	GlobalSection(SolutionConfigurationPlatforms) = preSolution
		Debug|Any CPU = Debug|Any CPU
		Release|Any CPU = Release|Any CPU
	EndGlobalSection
	GlobalSection(ProjectConfigurationPlatforms) = postSolution
		{7C3E4A16-014D-49BD-82FD-1C5DAF2F3F46}.Debug|Any CPU.ActiveCfg = Debug|Any CPU
		{7C3E4A16-014D-49BD-82FD-1C5DAF2F3F46}.Debug|Any CPU.Build.0 = Debug|Any CPU
		{7C3E4A16-014D-49BD-82FD-1C5DAF2F3F46}.Release|Any CPU.ActiveCfg = Release|Any CPU
		{7C3E4A16-014D-49BD-82FD-1C5DAF2F3F46}.Release|Any CPU.Build.0 = Release|Any CPU
	EndGlobalSection
	GlobalSection(SolutionProperties) = preSolution
		HideSolutionNode = FALSE
	EndGlobalSection
	GlobalSection(ExtensibilityGlobals) = postSolution
		SolutionGuid = {CC4F0CA6-0413-443B-B50E-80AAA4300DD5}
	EndGlobalSection
EndGlobal
